// !$*UTF8*$!
{
	archiveVersion = 1;
	classes = {
	};
	objectVersion = 46;
	objects = {

/* Begin PBXBuildFile section */
		0875E4EF1D8E2CC300243A5C /* TggTagAttribute.m in Sources */ = {isa = PBXBuildFile; fileRef = 0875E4E71D8E2CC300243A5C /* TggTagAttribute.m */; };
		0875E4F01D8E2CC300243A5C /* TggTagCell.m in Sources */ = {isa = PBXBuildFile; fileRef = 0875E4E91D8E2CC300243A5C /* TggTagCell.m */; };
		0875E4F11D8E2CC300243A5C /* TggTagView.m in Sources */ = {isa = PBXBuildFile; fileRef = 0875E4EB1D8E2CC300243A5C /* TggTagView.m */; };
		0875E4F21D8E2CC300243A5C /* TggTagViewLayout.m in Sources */ = {isa = PBXBuildFile; fileRef = 0875E4ED1D8E2CC300243A5C /* TggTagViewLayout.m */; };
		0875E4F41D8E2E2000243A5C /* ViewController.m in Sources */ = {isa = PBXBuildFile; fileRef = 0875E4F31D8E2E2000243A5C /* ViewController.m */; };
		08FD86DE1D8946FD003165A7 /* main.m in Sources */ = {isa = PBXBuildFile; fileRef = 08FD86DD1D8946FD003165A7 /* main.m */; };
		08FD86E11D8946FD003165A7 /* AppDelegate.m in Sources */ = {isa = PBXBuildFile; fileRef = 08FD86E01D8946FD003165A7 /* AppDelegate.m */; };
		08FD86E71D8946FD003165A7 /* Main.storyboard in Resources */ = {isa = PBXBuildFile; fileRef = 08FD86E51D8946FD003165A7 /* Main.storyboard */; };
		08FD86E91D8946FD003165A7 /* Assets.xcassets in Resources */ = {isa = PBXBuildFile; fileRef = 08FD86E81D8946FD003165A7 /* Assets.xcassets */; };
		08FD86EC1D8946FD003165A7 /* LaunchScreen.storyboard in Resources */ = {isa = PBXBuildFile; fileRef = 08FD86EA1D8946FD003165A7 /* LaunchScreen.storyboard */; };
		08FD86F71D8946FD003165A7 /* TggTagViewTests.m in Sources */ = {isa = PBXBuildFile; fileRef = 08FD86F61D8946FD003165A7 /* TggTagViewTests.m */; };
		08FD87021D8946FD003165A7 /* TggTagViewUITests.m in Sources */ = {isa = PBXBuildFile; fileRef = 08FD87011D8946FD003165A7 /* TggTagViewUITests.m */; };
/* End PBXBuildFile section */

/* Begin PBXContainerItemProxy section */
		08FD86F31D8946FD003165A7 /* PBXContainerItemProxy */ = {
			isa = PBXContainerItemProxy;
			containerPortal = 08FD86D11D8946FD003165A7 /* Project object */;
			proxyType = 1;
			remoteGlobalIDString = 08FD86D81D8946FD003165A7;
			remoteInfo = TggTagView;
		};
		08FD86FE1D8946FD003165A7 /* PBXContainerItemProxy */ = {
			isa = PBXContainerItemProxy;
			containerPortal = 08FD86D11D8946FD003165A7 /* Project object */;
			proxyType = 1;
			remoteGlobalIDString = 08FD86D81D8946FD003165A7;
			remoteInfo = TggTagView;
		};
/* End PBXContainerItemProxy section */

/* Begin PBXFileReference section */
		0875E4E61D8E2CC300243A5C /* TggTagAttribute.h */ = {isa = PBXFileReference; fileEncoding = 4; lastKnownFileType = sourcecode.c.h; path = TggTagAttribute.h; sourceTree = "<group>"; };
		0875E4E71D8E2CC300243A5C /* TggTagAttribute.m */ = {isa = PBXFileReference; fileEncoding = 4; lastKnownFileType = sourcecode.c.objc; path = TggTagAttribute.m; sourceTree = "<group>"; };
		0875E4E81D8E2CC300243A5C /* TggTagCell.h */ = {isa = PBXFileReference; fileEncoding = 4; lastKnownFileType = sourcecode.c.h; path = TggTagCell.h; sourceTree = "<group>"; };
		0875E4E91D8E2CC300243A5C /* TggTagCell.m */ = {isa = PBXFileReference; fileEncoding = 4; lastKnownFileType = sourcecode.c.objc; path = TggTagCell.m; sourceTree = "<group>"; };
		0875E4EA1D8E2CC300243A5C /* TggTagView.h */ = {isa = PBXFileReference; fileEncoding = 4; lastKnownFileType = sourcecode.c.h; path = TggTagView.h; sourceTree = "<group>"; };
		0875E4EB1D8E2CC300243A5C /* TggTagView.m */ = {isa = PBXFileReference; fileEncoding = 4; lastKnownFileType = sourcecode.c.objc; path = TggTagView.m; sourceTree = "<group>"; };
		0875E4EC1D8E2CC300243A5C /* TggTagViewLayout.h */ = {isa = PBXFileReference; fileEncoding = 4; lastKnownFileType = sourcecode.c.h; path = TggTagViewLayout.h; sourceTree = "<group>"; };
		0875E4ED1D8E2CC300243A5C /* TggTagViewLayout.m */ = {isa = PBXFileReference; fileEncoding = 4; lastKnownFileType = sourcecode.c.objc; path = TggTagViewLayout.m; sourceTree = "<group>"; };
		0875E4EE1D8E2CC300243A5C /* ViewController.h */ = {isa = PBXFileReference; fileEncoding = 4; lastKnownFileType = sourcecode.c.h; name = ViewController.h; path = TggTagView/ViewController.h; sourceTree = "<group>"; };
		0875E4F31D8E2E2000243A5C /* ViewController.m */ = {isa = PBXFileReference; fileEncoding = 4; lastKnownFileType = sourcecode.c.objc; path = ViewController.m; sourceTree = "<group>"; };
		08FD86D91D8946FD003165A7 /* TggTagView.app */ = {isa = PBXFileReference; explicitFileType = wrapper.application; includeInIndex = 0; path = TggTagView.app; sourceTree = BUILT_PRODUCTS_DIR; };
		08FD86DD1D8946FD003165A7 /* main.m */ = {isa = PBXFileReference; lastKnownFileType = sourcecode.c.objc; path = main.m; sourceTree = "<group>"; };
		08FD86DF1D8946FD003165A7 /* AppDelegate.h */ = {isa = PBXFileReference; lastKnownFileType = sourcecode.c.h; path = AppDelegate.h; sourceTree = "<group>"; };
		08FD86E01D8946FD003165A7 /* AppDelegate.m */ = {isa = PBXFileReference; lastKnownFileType = sourcecode.c.objc; path = AppDelegate.m; sourceTree = "<group>"; };
		08FD86E61D8946FD003165A7 /* Base */ = {isa = PBXFileReference; lastKnownFileType = file.storyboard; name = Base; path = Base.lproj/Main.storyboard; sourceTree = "<group>"; };
		08FD86E81D8946FD003165A7 /* Assets.xcassets */ = {isa = PBXFileReference; lastKnownFileType = folder.assetcatalog; path = Assets.xcassets; sourceTree = "<group>"; };
		08FD86EB1D8946FD003165A7 /* Base */ = {isa = PBXFileReference; lastKnownFileType = file.storyboard; name = Base; path = Base.lproj/LaunchScreen.storyboard; sourceTree = "<group>"; };
		08FD86ED1D8946FD003165A7 /* Info.plist */ = {isa = PBXFileReference; lastKnownFileType = text.plist.xml; path = Info.plist; sourceTree = "<group>"; };
		08FD86F21D8946FD003165A7 /* TggTagViewTests.xctest */ = {isa = PBXFileReference; explicitFileType = wrapper.cfbundle; includeInIndex = 0; path = TggTagViewTests.xctest; sourceTree = BUILT_PRODUCTS_DIR; };
		08FD86F61D8946FD003165A7 /* TggTagViewTests.m */ = {isa = PBXFileReference; lastKnownFileType = sourcecode.c.objc; path = TggTagViewTests.m; sourceTree = "<group>"; };
		08FD86F81D8946FD003165A7 /* Info.plist */ = {isa = PBXFileReference; lastKnownFileType = text.plist.xml; path = Info.plist; sourceTree = "<group>"; };
		08FD86FD1D8946FD003165A7 /* TggTagViewUITests.xctest */ = {isa = PBXFileReference; explicitFileType = wrapper.cfbundle; includeInIndex = 0; path = TggTagViewUITests.xctest; sourceTree = BUILT_PRODUCTS_DIR; };
		08FD87011D8946FD003165A7 /* TggTagViewUITests.m */ = {isa = PBXFileReference; lastKnownFileType = sourcecode.c.objc; path = TggTagViewUITests.m; sourceTree = "<group>"; };
		08FD87031D8946FD003165A7 /* Info.plist */ = {isa = PBXFileReference; lastKnownFileType = text.plist.xml; path = Info.plist; sourceTree = "<group>"; };
/* End PBXFileReference section */

/* Begin PBXFrameworksBuildPhase section */
		08FD86D61D8946FD003165A7 /* Frameworks */ = {
			isa = PBXFrameworksBuildPhase;
			buildActionMask = 2147483647;
			files = (
			);
			runOnlyForDeploymentPostprocessing = 0;
		};
		08FD86EF1D8946FD003165A7 /* Frameworks */ = {
			isa = PBXFrameworksBuildPhase;
			buildActionMask = 2147483647;
			files = (
			);
			runOnlyForDeploymentPostprocessing = 0;
		};
		08FD86FA1D8946FD003165A7 /* Frameworks */ = {
			isa = PBXFrameworksBuildPhase;
			buildActionMask = 2147483647;
			files = (
			);
			runOnlyForDeploymentPostprocessing = 0;
		};
/* End PBXFrameworksBuildPhase section */

/* Begin PBXGroup section */
		0875E4E51D8E2CC300243A5C /* TggTagView */ = {
			isa = PBXGroup;
			children = (
				0875E4EA1D8E2CC300243A5C /* TggTagView.h */,
				0875E4EB1D8E2CC300243A5C /* TggTagView.m */,
				0875E4E81D8E2CC300243A5C /* TggTagCell.h */,
				0875E4E91D8E2CC300243A5C /* TggTagCell.m */,
				0875E4E61D8E2CC300243A5C /* TggTagAttribute.h */,
				0875E4E71D8E2CC300243A5C /* TggTagAttribute.m */,
				0875E4EC1D8E2CC300243A5C /* TggTagViewLayout.h */,
				0875E4ED1D8E2CC300243A5C /* TggTagViewLayout.m */,
			);
			path = TggTagView;
			sourceTree = "<group>";
		};
		08FD86D01D8946FD003165A7 = {
			isa = PBXGroup;
			children = (
				08FD86DB1D8946FD003165A7 /* TggTagView */,
				08FD86F51D8946FD003165A7 /* TggTagViewTests */,
				08FD87001D8946FD003165A7 /* TggTagViewUITests */,
				08FD86DA1D8946FD003165A7 /* Products */,
			);
			sourceTree = "<group>";
		};
		08FD86DA1D8946FD003165A7 /* Products */ = {
			isa = PBXGroup;
			children = (
				08FD86D91D8946FD003165A7 /* TggTagView.app */,
				08FD86F21D8946FD003165A7 /* TggTagViewTests.xctest */,
				08FD86FD1D8946FD003165A7 /* TggTagViewUITests.xctest */,
			);
			name = Products;
			sourceTree = "<group>";
		};
		08FD86DB1D8946FD003165A7 /* TggTagView */ = {
			isa = PBXGroup;
			children = (
				08FD86DF1D8946FD003165A7 /* AppDelegate.h */,
				08FD86E01D8946FD003165A7 /* AppDelegate.m */,
				0875E4EE1D8E2CC300243A5C /* ViewController.h */,
				0875E4F31D8E2E2000243A5C /* ViewController.m */,
				0875E4E51D8E2CC300243A5C /* TggTagView */,
				08FD86E51D8946FD003165A7 /* Main.storyboard */,
				08FD86E81D8946FD003165A7 /* Assets.xcassets */,
				08FD86EA1D8946FD003165A7 /* LaunchScreen.storyboard */,
				08FD86ED1D8946FD003165A7 /* Info.plist */,
				08FD86DC1D8946FD003165A7 /* Supporting Files */,
			);
			path = TggTagView;
			sourceTree = "<group>";
		};
		08FD86DC1D8946FD003165A7 /* Supporting Files */ = {
			isa = PBXGroup;
			children = (
				08FD86DD1D8946FD003165A7 /* main.m */,
			);
			name = "Supporting Files";
			sourceTree = "<group>";
		};
		08FD86F51D8946FD003165A7 /* TggTagViewTests */ = {
			isa = PBXGroup;
			children = (
				08FD86F61D8946FD003165A7 /* TggTagViewTests.m */,
				08FD86F81D8946FD003165A7 /* Info.plist */,
			);
			path = TggTagViewTests;
			sourceTree = "<group>";
		};
		08FD87001D8946FD003165A7 /* TggTagViewUITests */ = {
			isa = PBXGroup;
			children = (
				08FD87011D8946FD003165A7 /* TggTagViewUITests.m */,
				08FD87031D8946FD003165A7 /* Info.plist */,
			);
			path = TggTagViewUITests;
			sourceTree = "<group>";
		};
/* End PBXGroup section */

/* Begin PBXNativeTarget section */
		08FD86D81D8946FD003165A7 /* TggTagView */ = {
			isa = PBXNativeTarget;
			buildConfigurationList = 08FD87061D8946FD003165A7 /* Build configuration list for PBXNativeTarget "TggTagView" */;
			buildPhases = (
				08FD86D51D8946FD003165A7 /* Sources */,
				08FD86D61D8946FD003165A7 /* Frameworks */,
				08FD86D71D8946FD003165A7 /* Resources */,
			);
			buildRules = (
			);
			dependencies = (
			);
			name = TggTagView;
			productName = TggTagView;
			productReference = 08FD86D91D8946FD003165A7 /* TggTagView.app */;
			productType = "com.apple.product-type.application";
		};
		08FD86F11D8946FD003165A7 /* TggTagViewTests */ = {
			isa = PBXNativeTarget;
			buildConfigurationList = 08FD87091D8946FD003165A7 /* Build configuration list for PBXNativeTarget "TggTagViewTests" */;
			buildPhases = (
				08FD86EE1D8946FD003165A7 /* Sources */,
				08FD86EF1D8946FD003165A7 /* Frameworks */,
				08FD86F01D8946FD003165A7 /* Resources */,
			);
			buildRules = (
			);
			dependencies = (
				08FD86F41D8946FD003165A7 /* PBXTargetDependency */,
			);
			name = TggTagViewTests;
			productName = TggTagViewTests;
			productReference = 08FD86F21D8946FD003165A7 /* TggTagViewTests.xctest */;
			productType = "com.apple.product-type.bundle.unit-test";
		};
		08FD86FC1D8946FD003165A7 /* TggTagViewUITests */ = {
			isa = PBXNativeTarget;
			buildConfigurationList = 08FD870C1D8946FD003165A7 /* Build configuration list for PBXNativeTarget "TggTagViewUITests" */;
			buildPhases = (
				08FD86F91D8946FD003165A7 /* Sources */,
				08FD86FA1D8946FD003165A7 /* Frameworks */,
				08FD86FB1D8946FD003165A7 /* Resources */,
			);
			buildRules = (
			);
			dependencies = (
				08FD86FF1D8946FD003165A7 /* PBXTargetDependency */,
			);
			name = TggTagViewUITests;
			productName = TggTagViewUITests;
			productReference = 08FD86FD1D8946FD003165A7 /* TggTagViewUITests.xctest */;
			productType = "com.apple.product-type.bundle.ui-testing";
		};
/* End PBXNativeTarget section */

/* Begin PBXProject section */
		08FD86D11D8946FD003165A7 /* Project object */ = {
			isa = PBXProject;
			attributes = {
				LastUpgradeCheck = 0800;
				ORGANIZATIONNAME = "铁哥哥";
				TargetAttributes = {
					08FD86D81D8946FD003165A7 = {
						CreatedOnToolsVersion = 7.3.1;
					};
					08FD86F11D8946FD003165A7 = {
						CreatedOnToolsVersion = 7.3.1;
						TestTargetID = 08FD86D81D8946FD003165A7;
					};
					08FD86FC1D8946FD003165A7 = {
						CreatedOnToolsVersion = 7.3.1;
						TestTargetID = 08FD86D81D8946FD003165A7;
					};
				};
			};
			buildConfigurationList = 08FD86D41D8946FD003165A7 /* Build configuration list for PBXProject "TggTagView" */;
			compatibilityVersion = "Xcode 3.2";
			developmentRegion = English;
			hasScannedForEncodings = 0;
			knownRegions = (
				en,
				Base,
			);
			mainGroup = 08FD86D01D8946FD003165A7;
			productRefGroup = 08FD86DA1D8946FD003165A7 /* Products */;
			projectDirPath = "";
			projectRoot = "";
			targets = (
				08FD86D81D8946FD003165A7 /* TggTagView */,
				08FD86F11D8946FD003165A7 /* TggTagViewTests */,
				08FD86FC1D8946FD003165A7 /* TggTagViewUITests */,
			);
		};
/* End PBXProject section */

/* Begin PBXResourcesBuildPhase section */
		08FD86D71D8946FD003165A7 /* Resources */ = {
			isa = PBXResourcesBuildPhase;
			buildActionMask = 2147483647;
			files = (
				08FD86EC1D8946FD003165A7 /* LaunchScreen.storyboard in Resources */,
				08FD86E91D8946FD003165A7 /* Assets.xcassets in Resources */,
				08FD86E71D8946FD003165A7 /* Main.storyboard in Resources */,
			);
			runOnlyForDeploymentPostprocessing = 0;
		};
		08FD86F01D8946FD003165A7 /* Resources */ = {
			isa = PBXResourcesBuildPhase;
			buildActionMask = 2147483647;
			files = (
			);
			runOnlyForDeploymentPostprocessing = 0;
		};
		08FD86FB1D8946FD003165A7 /* Resources */ = {
			isa = PBXResourcesBuildPhase;
			buildActionMask = 2147483647;
			files = (
			);
			runOnlyForDeploymentPostprocessing = 0;
		};
/* End PBXResourcesBuildPhase section */

/* Begin PBXSourcesBuildPhase section */
		08FD86D51D8946FD003165A7 /* Sources */ = {
			isa = PBXSourcesBuildPhase;
			buildActionMask = 2147483647;
			files = (
				0875E4F41D8E2E2000243A5C /* ViewController.m in Sources */,
				0875E4F21D8E2CC300243A5C /* TggTagViewLayout.m in Sources */,
				08FD86E11D8946FD003165A7 /* AppDelegate.m in Sources */,
				0875E4F01D8E2CC300243A5C /* TggTagCell.m in Sources */,
				0875E4EF1D8E2CC300243A5C /* TggTagAttribute.m in Sources */,
				08FD86DE1D8946FD003165A7 /* main.m in Sources */,
				0875E4F11D8E2CC300243A5C /* TggTagView.m in Sources */,
			);
			runOnlyForDeploymentPostprocessing = 0;
		};
		08FD86EE1D8946FD003165A7 /* Sources */ = {
			isa = PBXSourcesBuildPhase;
			buildActionMask = 2147483647;
			files = (
				08FD86F71D8946FD003165A7 /* TggTagViewTests.m in Sources */,
			);
			runOnlyForDeploymentPostprocessing = 0;
		};
		08FD86F91D8946FD003165A7 /* Sources */ = {
			isa = PBXSourcesBuildPhase;
			buildActionMask = 2147483647;
			files = (
				08FD87021D8946FD003165A7 /* TggTagViewUITests.m in Sources */,
			);
			runOnlyForDeploymentPostprocessing = 0;
		};
/* End PBXSourcesBuildPhase section */

/* Begin PBXTargetDependency section */
		08FD86F41D8946FD003165A7 /* PBXTargetDependency */ = {
			isa = PBXTargetDependency;
			target = 08FD86D81D8946FD003165A7 /* TggTagView */;
			targetProxy = 08FD86F31D8946FD003165A7 /* PBXContainerItemProxy */;
		};
		08FD86FF1D8946FD003165A7 /* PBXTargetDependency */ = {
			isa = PBXTargetDependency;
			target = 08FD86D81D8946FD003165A7 /* TggTagView */;
			targetProxy = 08FD86FE1D8946FD003165A7 /* PBXContainerItemProxy */;
		};
/* End PBXTargetDependency section */

/* Begin PBXVariantGroup section */
		08FD86E51D8946FD003165A7 /* Main.storyboard */ = {
			isa = PBXVariantGroup;
			children = (
				08FD86E61D8946FD003165A7 /* Base */,
			);
			name = Main.storyboard;
			sourceTree = "<group>";
		};
		08FD86EA1D8946FD003165A7 /* LaunchScreen.storyboard */ = {
			isa = PBXVariantGroup;
			children = (
				08FD86EB1D8946FD003165A7 /* Base */,
			);
			name = LaunchScreen.storyboard;
			sourceTree = "<group>";
		};
/* End PBXVariantGroup section */

/* Begin XCBuildConfiguration section */
		08FD87041D8946FD003165A7 /* Debug */ = {
			isa = XCBuildConfiguration;
			buildSettings = {
				ALWAYS_SEARCH_USER_PATHS = NO;
				CLANG_ANALYZER_NONNULL = YES;
				CLANG_CXX_LANGUAGE_STANDARD = "gnu++0x";
				CLANG_CXX_LIBRARY = "libc++";
				CLANG_ENABLE_MODULES = YES;
				CLANG_ENABLE_OBJC_ARC = YES;
				CLANG_WARN_BOOL_CONVERSION = YES;
				CLANG_WARN_CONSTANT_CONVERSION = YES;
				CLANG_WARN_DIRECT_OBJC_ISA_USAGE = YES_ERROR;
				CLANG_WARN_EMPTY_BODY = YES;
				CLANG_WARN_ENUM_CONVERSION = YES;
				CLANG_WARN_INFINITE_RECURSION = YES;
				CLANG_WARN_INT_CONVERSION = YES;
				CLANG_WARN_OBJC_ROOT_CLASS = YES_ERROR;
				CLANG_WARN_SUSPICIOUS_MOVE = YES;
				CLANG_WARN_UNREACHABLE_CODE = YES;
				CLANG_WARN__DUPLICATE_METHOD_MATCH = YES;
				"CODE_SIGN_IDENTITY[sdk=iphoneos*]" = "iPhone Developer";
				COPY_PHASE_STRIP = NO;
				DEBUG_INFORMATION_FORMAT = dwarf;
				ENABLE_STRICT_OBJC_MSGSEND = YES;
				ENABLE_TESTABILITY = YES;
				GCC_C_LANGUAGE_STANDARD = gnu99;
				GCC_DYNAMIC_NO_PIC = NO;
				GCC_NO_COMMON_BLOCKS = YES;
				GCC_OPTIMIZATION_LEVEL = 0;
				GCC_PREPROCESSOR_DEFINITIONS = (
					"DEBUG=1",
					"$(inherited)",
				);
				GCC_WARN_64_TO_32_BIT_CONVERSION = YES;
				GCC_WARN_ABOUT_RETURN_TYPE = YES_ERROR;
				GCC_WARN_UNDECLARED_SELECTOR = YES;
				GCC_WARN_UNINITIALIZED_AUTOS = YES_AGGRESSIVE;
				GCC_WARN_UNUSED_FUNCTION = YES;
				GCC_WARN_UNUSED_VARIABLE = YES;
				IPHONEOS_DEPLOYMENT_TARGET = 9.3;
				MTL_ENABLE_DEBUG_INFO = YES;
				ONLY_ACTIVE_ARCH = YES;
				SDKROOT = iphoneos;
				TARGETED_DEVICE_FAMILY = "1,2";
			};
			name = Debug;
		};
		08FD87051D8946FD003165A7 /* Release */ = {
			isa = XCBuildConfiguration;
			buildSettings = {
				ALWAYS_SEARCH_USER_PATHS = NO;
				CLANG_ANALYZER_NONNULL = YES;
				CLANG_CXX_LANGUAGE_STANDARD = "gnu++0x";
				CLANG_CXX_LIBRARY = "libc++";
				CLANG_ENABLE_MODULES = YES;
				CLANG_ENABLE_OBJC_ARC = YES;
				CLANG_WARN_BOOL_CONVERSION = YES;
				CLANG_WARN_CONSTANT_CONVERSION = YES;
				CLANG_WARN_DIRECT_OBJC_ISA_USAGE = YES_ERROR;
				CLANG_WARN_EMPTY_BODY = YES;
				CLANG_WARN_ENUM_CONVERSION = YES;
				CLANG_WARN_INFINITE_RECURSION = YES;
				CLANG_WARN_INT_CONVERSION = YES;
				CLANG_WARN_OBJC_ROOT_CLASS = YES_ERROR;
				CLANG_WARN_SUSPICIOUS_MOVE = YES;
				CLANG_WARN_UNREACHABLE_CODE = YES;
				CLANG_WARN__DUPLICATE_METHOD_MATCH = YES;
				"CODE_SIGN_IDENTITY[sdk=iphoneos*]" = "iPhone Developer";
				COPY_PHASE_STRIP = NO;
				DEBUG_INFORMATION_FORMAT = "dwarf-with-dsym";
				ENABLE_NS_ASSERTIONS = NO;
				ENABLE_STRICT_OBJC_MSGSEND = YES;
				GCC_C_LANGUAGE_STANDARD = gnu99;
				GCC_NO_COMMON_BLOCKS = YES;
				GCC_WARN_64_TO_32_BIT_CONVERSION = YES;
				GCC_WARN_ABOUT_RETURN_TYPE = YES_ERROR;
				GCC_WARN_UNDECLARED_SELECTOR = YES;
				GCC_WARN_UNINITIALIZED_AUTOS = YES_AGGRESSIVE;
				GCC_WARN_UNUSED_FUNCTION = YES;
				GCC_WARN_UNUSED_VARIABLE = YES;
				IPHONEOS_DEPLOYMENT_TARGET = 9.3;
				MTL_ENABLE_DEBUG_INFO = NO;
				SDKROOT = iphoneos;
				TARGETED_DEVICE_FAMILY = "1,2";
				VALIDATE_PRODUCT = YES;
			};
			name = Release;
		};
		08FD87071D8946FD003165A7 /* Debug */ = {
			isa = XCBuildConfiguration;
			buildSettings = {
				ASSETCATALOG_COMPILER_APPICON_NAME = AppIcon;
				INFOPLIST_FILE = TggTagView/Info.plist;
				LD_RUNPATH_SEARCH_PATHS = "$(inherited) @executable_path/Frameworks";
				PRODUCT_BUNDLE_IDENTIFIER = com.tiequantech.TggTagView;
				PRODUCT_NAME = "$(TARGET_NAME)";
			};
			name = Debug;
		};
		08FD87081D8946FD003165A7 /* Release */ = {
			isa = XCBuildConfiguration;
			buildSettings = {
				ASSETCATALOG_COMPILER_APPICON_NAME = AppIcon;
				INFOPLIST_FILE = TggTagView/Info.plist;
				LD_RUNPATH_SEARCH_PATHS = "$(inherited) @executable_path/Frameworks";
				PRODUCT_BUNDLE_IDENTIFIER = com.tiequantech.TggTagView;
				PRODUCT_NAME = "$(TARGET_NAME)";
			};
			name = Release;
		};
		08FD870A1D8946FD003165A7 /* Debug */ = {
			isa = XCBuildConfiguration;
			buildSettings = {
				BUNDLE_LOADER = "$(TEST_HOST)";
				INFOPLIST_FILE = TggTagViewTests/Info.plist;
				LD_RUNPATH_SEARCH_PATHS = "$(inherited) @executable_path/Frameworks @loader_path/Frameworks";
				PRODUCT_BUNDLE_IDENTIFIER = com.tiequantech.TggTagViewTests;
				PRODUCT_NAME = "$(TARGET_NAME)";
				TEST_HOST = "$(BUILT_PRODUCTS_DIR)/TggTagView.app/TggTagView";
			};
			name = Debug;
		};
		08FD870B1D8946FD003165A7 /* Release */ = {
			isa = XCBuildConfiguration;
			buildSettings = {
				BUNDLE_LOADER = "$(TEST_HOST)";
				INFOPLIST_FILE = TggTagViewTests/Info.plist;
				LD_RUNPATH_SEARCH_PATHS = "$(inherited) @executable_path/Frameworks @loader_path/Frameworks";
				PRODUCT_BUNDLE_IDENTIFIER = com.tiequantech.TggTagViewTests;
				PRODUCT_NAME = "$(TARGET_NAME)";
				TEST_HOST = "$(BUILT_PRODUCTS_DIR)/TggTagView.app/TggTagView";
			};
			name = Release;
		};
		08FD870D1D8946FD003165A7 /* Debug */ = {
			isa = XCBuildConfiguration;
			buildSettings = {
				INFOPLIST_FILE = TggTagViewUITests/Info.plist;
				LD_RUNPATH_SEARCH_PATHS = "$(inherited) @executable_path/Frameworks @loader_path/Frameworks";
				PRODUCT_BUNDLE_IDENTIFIER = com.tiequantech.TggTagViewUITests;
				PRODUCT_NAME = "$(TARGET_NAME)";
				TEST_TARGET_NAME = TggTagView;
			};
			name = Debug;
		};
		08FD870E1D8946FD003165A7 /* Release */ = {
			isa = XCBuildConfiguration;
			buildSettings = {
				INFOPLIST_FILE = TggTagViewUITests/Info.plist;
				LD_RUNPATH_SEARCH_PATHS = "$(inherited) @executable_path/Frameworks @loader_path/Frameworks";
				PRODUCT_BUNDLE_IDENTIFIER = com.tiequantech.TggTagViewUITests;
				PRODUCT_NAME = "$(TARGET_NAME)";
				TEST_TARGET_NAME = TggTagView;
			};
			name = Release;
		};
/* End XCBuildConfiguration section */

/* Begin XCConfigurationList section */
		08FD86D41D8946FD003165A7 /* Build configuration list for PBXProject "TggTagView" */ = {
			isa = XCConfigurationList;
			buildConfigurations = (
				08FD87041D8946FD003165A7 /* Debug */,
				08FD87051D8946FD003165A7 /* Release */,
			);
			defaultConfigurationIsVisible = 0;
			defaultConfigurationName = Release;
		};
		08FD87061D8946FD003165A7 /* Build configuration list for PBXNativeTarget "TggTagView" */ = {
			isa = XCConfigurationList;
			buildConfigurations = (
				08FD87071D8946FD003165A7 /* Debug */,
				08FD87081D8946FD003165A7 /* Release */,
			);
			defaultConfigurationIsVisible = 0;
			defaultConfigurationName = Release;
		};
		08FD87091D8946FD003165A7 /* Build configuration list for PBXNativeTarget "TggTagViewTests" */ = {
			isa = XCConfigurationList;
			buildConfigurations = (
				08FD870A1D8946FD003165A7 /* Debug */,
				08FD870B1D8946FD003165A7 /* Release */,
			);
			defaultConfigurationIsVisible = 0;
			defaultConfigurationName = Release;
		};
		08FD870C1D8946FD003165A7 /* Build configuration list for PBXNativeTarget "TggTagViewUITests" */ = {
			isa = XCConfigurationList;
			buildConfigurations = (
				08FD870D1D8946FD003165A7 /* Debug */,
				08FD870E1D8946FD003165A7 /* Release */,
			);
			defaultConfigurationIsVisible = 0;
			defaultConfigurationName = Release;
		};
/* End XCConfigurationList section */
	};
	rootObject = 08FD86D11D8946FD003165A7 /* Project object */;
}
